
Microsoft Visual Studio Solution File, Format Version 12.00
# Visual Studio Version 16
VisualStudioVersion = 16.0.31424.327
MinimumVisualStudioVersion = 10.0.40219.1
Project("{9A19103F-16F7-4668-BE54-9A1E7A4F7556}") = "TruYum__", "TruYum__\TruYum__.csproj", "{AEF7AAC8-A058-4B39-953B-C8B7517FC9BF}"
EndProject
Global
	GlobalSection(SolutionConfigurationPlatforms) = preSolution
		Debug|Any CPU = Debug|Any CPU
		Release|Any CPU = Release|Any CPU
	EndGlobalSection
	GlobalSection(ProjectConfigurationPlatforms) = postSolution
		{AEF7AAC8-A058-4B39-953B-C8B7517FC9BF}.Debug|Any CPU.ActiveCfg = Debug|Any CPU
		{AEF7AAC8-A058-4B39-953B-C8B7517FC9BF}.Debug|Any CPU.Build.0 = Debug|Any CPU
		{AEF7AAC8-A058-4B39-953B-C8B7517FC9BF}.Release|Any CPU.ActiveCfg = Release|Any CPU
		{AEF7AAC8-A058-4B39-953B-C8B7517FC9BF}.Release|Any CPU.Build.0 = Release|Any CPU
	EndGlobalSection
	GlobalSection(SolutionProperties) = preSolution
		HideSolutionNode = FALSE
	EndGlobalSection
	GlobalSection(ExtensibilityGlobals) = postSolution
		SolutionGuid = {597D99F5-0B0C-483B-8259-E8C29B8E7823}
	EndGlobalSection
EndGlobal
